// !$*UTF8*$!
{
	archiveVersion = 1;
	classes = {
	};
	objectVersion = 51;
	objects = {

/* Begin PBXBuildFile section */
		D73709A222E1D0C500CA7F70 /* Authentication.swift in Sources */ = {isa = PBXBuildFile; fileRef = D73709A122E1D0C500CA7F70 /* Authentication.swift */; };
		D73709A522E1D4F400CA7F70 /* meViewController.swift in Sources */ = {isa = PBXBuildFile; fileRef = D73709A422E1D4F400CA7F70 /* meViewController.swift */; };
		D73709A722E1FD7C00CA7F70 /* Assets.xcassets in Resources */ = {isa = PBXBuildFile; fileRef = D73709A622E1FD7B00CA7F70 /* Assets.xcassets */; };
		D7566583230A85C7005C9132 /* GoogleService-Info.plist in Resources */ = {isa = PBXBuildFile; fileRef = D7566582230A85C7005C9132 /* GoogleService-Info.plist */; };
		D7566586230A8F70005C9132 /* SocialCollectionVC.swift in Sources */ = {isa = PBXBuildFile; fileRef = D7566585230A8F70005C9132 /* SocialCollectionVC.swift */; };
		D756659C230AD73E005C9132 /* EshToolBelt.swift in Sources */ = {isa = PBXBuildFile; fileRef = D756659B230AD73E005C9132 /* EshToolBelt.swift */; };
		D756659F230ADBC5005C9132 /* RidesCollectionVC.swift in Sources */ = {isa = PBXBuildFile; fileRef = D756659E230ADBC5005C9132 /* RidesCollectionVC.swift */; };
		D75665A2230AE50D005C9132 /* RideModel.swift in Sources */ = {isa = PBXBuildFile; fileRef = D75665A1230AE50D005C9132 /* RideModel.swift */; };
		D75665A4230BDC9E005C9132 /* RideDetailedVC.swift in Sources */ = {isa = PBXBuildFile; fileRef = D75665A3230BDC9E005C9132 /* RideDetailedVC.swift */; };
		D7ADFC82228D779900DCDFBF /* MainTabBarController.swift in Sources */ = {isa = PBXBuildFile; fileRef = D7ADFC81228D779900DCDFBF /* MainTabBarController.swift */; };
		D7E2A7D52279DE7900B8EA8A /* AppDelegate.swift in Sources */ = {isa = PBXBuildFile; fileRef = D7E2A7D42279DE7900B8EA8A /* AppDelegate.swift */; };
		D7E2A7DA2279DE7900B8EA8A /* Main.storyboard in Resources */ = {isa = PBXBuildFile; fileRef = D7E2A7D82279DE7900B8EA8A /* Main.storyboard */; };
		D7E2A7DF2279DE7B00B8EA8A /* LaunchScreen.storyboard in Resources */ = {isa = PBXBuildFile; fileRef = D7E2A7DD2279DE7B00B8EA8A /* LaunchScreen.storyboard */; };
		EAAC8CA14F060BA1306A5F28 /* Pods_Ryde.framework in Frameworks */ = {isa = PBXBuildFile; fileRef = E0E89669B22C859C05C84C42 /* Pods_Ryde.framework */; };
/* End PBXBuildFile section */

/* Begin PBXFileReference section */
		0E0E20C019934B09179F0D4D /* Pods-Ryde.release.xcconfig */ = {isa = PBXFileReference; includeInIndex = 1; lastKnownFileType = text.xcconfig; name = "Pods-Ryde.release.xcconfig"; path = "Pods/Target Support Files/Pods-Ryde/Pods-Ryde.release.xcconfig"; sourceTree = "<group>"; };
		BF398BEF0C641E1F5C89F03C /* Pods-Ryde.debug.xcconfig */ = {isa = PBXFileReference; includeInIndex = 1; lastKnownFileType = text.xcconfig; name = "Pods-Ryde.debug.xcconfig"; path = "Pods/Target Support Files/Pods-Ryde/Pods-Ryde.debug.xcconfig"; sourceTree = "<group>"; };
		D73709A122E1D0C500CA7F70 /* Authentication.swift */ = {isa = PBXFileReference; lastKnownFileType = sourcecode.swift; path = Authentication.swift; sourceTree = "<group>"; };
		D73709A422E1D4F400CA7F70 /* meViewController.swift */ = {isa = PBXFileReference; lastKnownFileType = sourcecode.swift; path = meViewController.swift; sourceTree = "<group>"; };
		D73709A622E1FD7B00CA7F70 /* Assets.xcassets */ = {isa = PBXFileReference; lastKnownFileType = folder.assetcatalog; path = Assets.xcassets; sourceTree = "<group>"; };
		D752904122A6745600B09412 /* SwiftUI.framework */ = {isa = PBXFileReference; lastKnownFileType = wrapper.framework; name = SwiftUI.framework; path = System/Library/Frameworks/SwiftUI.framework; sourceTree = SDKROOT; };
		D7566582230A85C7005C9132 /* GoogleService-Info.plist */ = {isa = PBXFileReference; fileEncoding = 4; lastKnownFileType = text.plist.xml; path = "GoogleService-Info.plist"; sourceTree = "<group>"; };
		D7566585230A8F70005C9132 /* SocialCollectionVC.swift */ = {isa = PBXFileReference; lastKnownFileType = sourcecode.swift; path = SocialCollectionVC.swift; sourceTree = "<group>"; };
		D756659B230AD73E005C9132 /* EshToolBelt.swift */ = {isa = PBXFileReference; lastKnownFileType = sourcecode.swift; path = EshToolBelt.swift; sourceTree = "<group>"; };
		D756659E230ADBC5005C9132 /* RidesCollectionVC.swift */ = {isa = PBXFileReference; lastKnownFileType = sourcecode.swift; path = RidesCollectionVC.swift; sourceTree = "<group>"; };
		D75665A1230AE50D005C9132 /* RideModel.swift */ = {isa = PBXFileReference; lastKnownFileType = sourcecode.swift; path = RideModel.swift; sourceTree = "<group>"; };
		D75665A3230BDC9E005C9132 /* RideDetailedVC.swift */ = {isa = PBXFileReference; lastKnownFileType = sourcecode.swift; path = RideDetailedVC.swift; sourceTree = "<group>"; };
		D7ADFC81228D779900DCDFBF /* MainTabBarController.swift */ = {isa = PBXFileReference; lastKnownFileType = sourcecode.swift; path = MainTabBarController.swift; sourceTree = "<group>"; };
		D7E2A7D12279DE7900B8EA8A /* Ryde.app */ = {isa = PBXFileReference; explicitFileType = wrapper.application; includeInIndex = 0; path = Ryde.app; sourceTree = BUILT_PRODUCTS_DIR; };
		D7E2A7D42279DE7900B8EA8A /* AppDelegate.swift */ = {isa = PBXFileReference; lastKnownFileType = sourcecode.swift; path = AppDelegate.swift; sourceTree = "<group>"; };
		D7E2A7D92279DE7900B8EA8A /* Base */ = {isa = PBXFileReference; lastKnownFileType = file.storyboard; name = Base; path = Base.lproj/Main.storyboard; sourceTree = "<group>"; };
		D7E2A7DE2279DE7B00B8EA8A /* Base */ = {isa = PBXFileReference; lastKnownFileType = file.storyboard; name = Base; path = Base.lproj/LaunchScreen.storyboard; sourceTree = "<group>"; };
		D7E2A7E02279DE7B00B8EA8A /* Info.plist */ = {isa = PBXFileReference; lastKnownFileType = text.plist.xml; path = Info.plist; sourceTree = "<group>"; };
		E0E89669B22C859C05C84C42 /* Pods_Ryde.framework */ = {isa = PBXFileReference; explicitFileType = wrapper.framework; includeInIndex = 0; path = Pods_Ryde.framework; sourceTree = BUILT_PRODUCTS_DIR; };
/* End PBXFileReference section */

/* Begin PBXFrameworksBuildPhase section */
		D7E2A7CE2279DE7900B8EA8A /* Frameworks */ = {
			isa = PBXFrameworksBuildPhase;
			buildActionMask = 2147483647;
			files = (
				EAAC8CA14F060BA1306A5F28 /* Pods_Ryde.framework in Frameworks */,
			);
			runOnlyForDeploymentPostprocessing = 0;
		};
/* End PBXFrameworksBuildPhase section */

/* Begin PBXGroup section */
		A4E7BA5159E9720192D2B482 /* Pods */ = {
			isa = PBXGroup;
			children = (
				BF398BEF0C641E1F5C89F03C /* Pods-Ryde.debug.xcconfig */,
				0E0E20C019934B09179F0D4D /* Pods-Ryde.release.xcconfig */,
			);
			name = Pods;
			sourceTree = "<group>";
		};
		A964189B8CB0720A3071DCF5 /* Frameworks */ = {
			isa = PBXGroup;
			children = (
				D752904122A6745600B09412 /* SwiftUI.framework */,
				E0E89669B22C859C05C84C42 /* Pods_Ryde.framework */,
			);
			name = Frameworks;
			sourceTree = "<group>";
		};
		D73709A022E1D0AD00CA7F70 /* Helpers */ = {
			isa = PBXGroup;
			children = (
				D73709A122E1D0C500CA7F70 /* Authentication.swift */,
				D756659B230AD73E005C9132 /* EshToolBelt.swift */,
			);
			path = Helpers;
			sourceTree = "<group>";
		};
		D73709A322E1D4D700CA7F70 /* me */ = {
			isa = PBXGroup;
			children = (
				D73709A422E1D4F400CA7F70 /* meViewController.swift */,
			);
			path = me;
			sourceTree = "<group>";
		};
		D7566584230A8F57005C9132 /* Social */ = {
			isa = PBXGroup;
			children = (
				D73709A322E1D4D700CA7F70 /* me */,
				D7566585230A8F70005C9132 /* SocialCollectionVC.swift */,
			);
			path = Social;
			sourceTree = "<group>";
		};
		D756659D230ADBB5005C9132 /* Rides */ = {
			isa = PBXGroup;
			children = (
				D756659E230ADBC5005C9132 /* RidesCollectionVC.swift */,
				D75665A3230BDC9E005C9132 /* RideDetailedVC.swift */,
			);
			path = Rides;
			sourceTree = "<group>";
		};
		D75665A0230AE4F7005C9132 /* Models */ = {
			isa = PBXGroup;
			children = (
				D75665A1230AE50D005C9132 /* RideModel.swift */,
			);
			path = Models;
			sourceTree = "<group>";
		};
		D7E2A7C82279DE7900B8EA8A = {
			isa = PBXGroup;
			children = (
				D7E2A7D32279DE7900B8EA8A /* Ryde */,
				D7E2A7D22279DE7900B8EA8A /* Products */,
				A4E7BA5159E9720192D2B482 /* Pods */,
				A964189B8CB0720A3071DCF5 /* Frameworks */,
			);
			sourceTree = "<group>";
		};
		D7E2A7D22279DE7900B8EA8A /* Products */ = {
			isa = PBXGroup;
			children = (
				D7E2A7D12279DE7900B8EA8A /* Ryde.app */,
			);
			name = Products;
			sourceTree = "<group>";
		};
		D7E2A7D32279DE7900B8EA8A /* Ryde */ = {
			isa = PBXGroup;
			children = (
				D75665A0230AE4F7005C9132 /* Models */,
				D73709A622E1FD7B00CA7F70 /* Assets.xcassets */,
				D73709A022E1D0AD00CA7F70 /* Helpers */,
				D7E2A7E72279DE9F00B8EA8A /* ViewControllers */,
				D7E2A7E62279DE8700B8EA8A /* UI */,
				D7E2A7D42279DE7900B8EA8A /* AppDelegate.swift */,
				D7E2A7E02279DE7B00B8EA8A /* Info.plist */,
				D7566582230A85C7005C9132 /* GoogleService-Info.plist */,
			);
			path = Ryde;
			sourceTree = "<group>";
		};
		D7E2A7E62279DE8700B8EA8A /* UI */ = {
			isa = PBXGroup;
			children = (
				D7E2A7DD2279DE7B00B8EA8A /* LaunchScreen.storyboard */,
				D7E2A7D82279DE7900B8EA8A /* Main.storyboard */,
			);
			path = UI;
			sourceTree = "<group>";
		};
		D7E2A7E72279DE9F00B8EA8A /* ViewControllers */ = {
			isa = PBXGroup;
			children = (
				D756659D230ADBB5005C9132 /* Rides */,
				D7566584230A8F57005C9132 /* Social */,
				D7ADFC81228D779900DCDFBF /* MainTabBarController.swift */,
			);
			path = ViewControllers;
			sourceTree = "<group>";
		};
/* End PBXGroup section */

/* Begin PBXNativeTarget section */
		D7E2A7D02279DE7900B8EA8A /* Ryde */ = {
			isa = PBXNativeTarget;
			buildConfigurationList = D7E2A7E32279DE7B00B8EA8A /* Build configuration list for PBXNativeTarget "Ryde" */;
			buildPhases = (
				5DBA0C59A641BC6F5A37845C /* [CP] Check Pods Manifest.lock */,
				D7E2A7CD2279DE7900B8EA8A /* Sources */,
				D7E2A7CE2279DE7900B8EA8A /* Frameworks */,
				D7E2A7CF2279DE7900B8EA8A /* Resources */,
				6CCD8E622F3BA0B4F72CDDF2 /* [CP] Embed Pods Frameworks */,
				8384DD8F26CB0C180C3D11C7 /* [CP] Copy Pods Resources */,
			);
			buildRules = (
			);
			dependencies = (
			);
			name = Ryde;
			productName = Ryde;
			productReference = D7E2A7D12279DE7900B8EA8A /* Ryde.app */;
			productType = "com.apple.product-type.application";
		};
/* End PBXNativeTarget section */

/* Begin PBXProject section */
		D7E2A7C92279DE7900B8EA8A /* Project object */ = {
			isa = PBXProject;
			attributes = {
				LastSwiftUpdateCheck = 1020;
				LastUpgradeCheck = 1020;
				ORGANIZATIONNAME = EshvaSoft;
				TargetAttributes = {
					D7E2A7D02279DE7900B8EA8A = {
						CreatedOnToolsVersion = 10.2.1;
					};
				};
			};
			buildConfigurationList = D7E2A7CC2279DE7900B8EA8A /* Build configuration list for PBXProject "Ryde" */;
			compatibilityVersion = "Xcode 9.3";
			developmentRegion = en;
			hasScannedForEncodings = 0;
			knownRegions = (
				en,
				Base,
			);
			mainGroup = D7E2A7C82279DE7900B8EA8A;
			productRefGroup = D7E2A7D22279DE7900B8EA8A /* Products */;
			projectDirPath = "";
			projectRoot = "";
			targets = (
				D7E2A7D02279DE7900B8EA8A /* Ryde */,
			);
		};
/* End PBXProject section */

/* Begin PBXResourcesBuildPhase section */
		D7E2A7CF2279DE7900B8EA8A /* Resources */ = {
			isa = PBXResourcesBuildPhase;
			buildActionMask = 2147483647;
			files = (
				D7E2A7DF2279DE7B00B8EA8A /* LaunchScreen.storyboard in Resources */,
				D7566583230A85C7005C9132 /* GoogleService-Info.plist in Resources */,
				D73709A722E1FD7C00CA7F70 /* Assets.xcassets in Resources */,
				D7E2A7DA2279DE7900B8EA8A /* Main.storyboard in Resources */,
			);
			runOnlyForDeploymentPostprocessing = 0;
		};
/* End PBXResourcesBuildPhase section */

/* Begin PBXShellScriptBuildPhase section */
		5DBA0C59A641BC6F5A37845C /* [CP] Check Pods Manifest.lock */ = {
			isa = PBXShellScriptBuildPhase;
			buildActionMask = 2147483647;
			files = (
			);
			inputFileListPaths = (
			);
			inputPaths = (
				"${PODS_PODFILE_DIR_PATH}/Podfile.lock",
				"${PODS_ROOT}/Manifest.lock",
			);
			name = "[CP] Check Pods Manifest.lock";
			outputFileListPaths = (
			);
			outputPaths = (
				"$(DERIVED_FILE_DIR)/Pods-Ryde-checkManifestLockResult.txt",
			);
			runOnlyForDeploymentPostprocessing = 0;
			shellPath = /bin/sh;
			shellScript = "diff \"${PODS_PODFILE_DIR_PATH}/Podfile.lock\" \"${PODS_ROOT}/Manifest.lock\" > /dev/null\nif [ $? != 0 ] ; then\n    # print error to STDERR\n    echo \"error: The sandbox is not in sync with the Podfile.lock. Run 'pod install' or update your CocoaPods installation.\" >&2\n    exit 1\nfi\n# This output is used by Xcode 'outputs' to avoid re-running this script phase.\necho \"SUCCESS\" > \"${SCRIPT_OUTPUT_FILE_0}\"\n";
			showEnvVarsInLog = 0;
		};
		6CCD8E622F3BA0B4F72CDDF2 /* [CP] Embed Pods Frameworks */ = {
			isa = PBXShellScriptBuildPhase;
			buildActionMask = 2147483647;
			files = (
			);
			inputFileListPaths = (
				"${PODS_ROOT}/Target Support Files/Pods-Ryde/Pods-Ryde-frameworks-${CONFIGURATION}-input-files.xcfilelist",
			);
			name = "[CP] Embed Pods Frameworks";
			outputFileListPaths = (
				"${PODS_ROOT}/Target Support Files/Pods-Ryde/Pods-Ryde-frameworks-${CONFIGURATION}-output-files.xcfilelist",
			);
			runOnlyForDeploymentPostprocessing = 0;
			shellPath = /bin/sh;
			shellScript = "\"${PODS_ROOT}/Target Support Files/Pods-Ryde/Pods-Ryde-frameworks.sh\"\n";
			showEnvVarsInLog = 0;
		};
		8384DD8F26CB0C180C3D11C7 /* [CP] Copy Pods Resources */ = {
			isa = PBXShellScriptBuildPhase;
			buildActionMask = 2147483647;
			files = (
			);
			inputFileListPaths = (
				"${PODS_ROOT}/Target Support Files/Pods-Ryde/Pods-Ryde-resources-${CONFIGURATION}-input-files.xcfilelist",
			);
			name = "[CP] Copy Pods Resources";
			outputFileListPaths = (
				"${PODS_ROOT}/Target Support Files/Pods-Ryde/Pods-Ryde-resources-${CONFIGURATION}-output-files.xcfilelist",
			);
			runOnlyForDeploymentPostprocessing = 0;
			shellPath = /bin/sh;
			shellScript = "\"${PODS_ROOT}/Target Support Files/Pods-Ryde/Pods-Ryde-resources.sh\"\n";
			showEnvVarsInLog = 0;
		};
/* End PBXShellScriptBuildPhase section */

/* Begin PBXSourcesBuildPhase section */
		D7E2A7CD2279DE7900B8EA8A /* Sources */ = {
			isa = PBXSourcesBuildPhase;
			buildActionMask = 2147483647;
			files = (
				D75665A4230BDC9E005C9132 /* RideDetailedVC.swift in Sources */,
				D7E2A7D52279DE7900B8EA8A /* AppDelegate.swift in Sources */,
				D756659C230AD73E005C9132 /* EshToolBelt.swift in Sources */,
				D756659F230ADBC5005C9132 /* RidesCollectionVC.swift in Sources */,
				D7ADFC82228D779900DCDFBF /* MainTabBarController.swift in Sources */,
				D73709A522E1D4F400CA7F70 /* meViewController.swift in Sources */,
				D7566586230A8F70005C9132 /* SocialCollectionVC.swift in Sources */,
				D73709A222E1D0C500CA7F70 /* Authentication.swift in Sources */,
				D75665A2230AE50D005C9132 /* RideModel.swift in Sources */,
			);
			runOnlyForDeploymentPostprocessing = 0;
		};
/* End PBXSourcesBuildPhase section */

/* Begin PBXVariantGroup section */
		D7E2A7D82279DE7900B8EA8A /* Main.storyboard */ = {
			isa = PBXVariantGroup;
			children = (
				D7E2A7D92279DE7900B8EA8A /* Base */,
			);
			name = Main.storyboard;
			sourceTree = "<group>";
		};
		D7E2A7DD2279DE7B00B8EA8A /* LaunchScreen.storyboard */ = {
			isa = PBXVariantGroup;
			children = (
				D7E2A7DE2279DE7B00B8EA8A /* Base */,
			);
			name = LaunchScreen.storyboard;
			sourceTree = "<group>";
		};
/* End PBXVariantGroup section */

/* Begin XCBuildConfiguration section */
		D7E2A7E12279DE7B00B8EA8A /* Debug */ = {
			isa = XCBuildConfiguration;
			buildSettings = {
				ALWAYS_SEARCH_USER_PATHS = NO;
				CLANG_ANALYZER_NONNULL = YES;
				CLANG_ANALYZER_NUMBER_OBJECT_CONVERSION = YES_AGGRESSIVE;
				CLANG_CXX_LANGUAGE_STANDARD = "gnu++14";
				CLANG_CXX_LIBRARY = "libc++";
				CLANG_ENABLE_MODULES = YES;
				CLANG_ENABLE_OBJC_ARC = YES;
				CLANG_ENABLE_OBJC_WEAK = YES;
				CLANG_WARN_BLOCK_CAPTURE_AUTORELEASING = YES;
				CLANG_WARN_BOOL_CONVERSION = YES;
				CLANG_WARN_COMMA = YES;
				CLANG_WARN_CONSTANT_CONVERSION = YES;
				CLANG_WARN_DEPRECATED_OBJC_IMPLEMENTATIONS = YES;
				CLANG_WARN_DIRECT_OBJC_ISA_USAGE = YES_ERROR;
				CLANG_WARN_DOCUMENTATION_COMMENTS = YES;
				CLANG_WARN_EMPTY_BODY = YES;
				CLANG_WARN_ENUM_CONVERSION = YES;
				CLANG_WARN_INFINITE_RECURSION = YES;
				CLANG_WARN_INT_CONVERSION = YES;
				CLANG_WARN_NON_LITERAL_NULL_CONVERSION = YES;
				CLANG_WARN_OBJC_IMPLICIT_RETAIN_SELF = YES;
				CLANG_WARN_OBJC_LITERAL_CONVERSION = YES;
				CLANG_WARN_OBJC_ROOT_CLASS = YES_ERROR;
				CLANG_WARN_RANGE_LOOP_ANALYSIS = YES;
				CLANG_WARN_STRICT_PROTOTYPES = YES;
				CLANG_WARN_SUSPICIOUS_MOVE = YES;
				CLANG_WARN_UNGUARDED_AVAILABILITY = YES_AGGRESSIVE;
				CLANG_WARN_UNREACHABLE_CODE = YES;
				CLANG_WARN__DUPLICATE_METHOD_MATCH = YES;
				CODE_SIGN_IDENTITY = "iPhone Developer";
				COPY_PHASE_STRIP = NO;
				DEBUG_INFORMATION_FORMAT = dwarf;
				ENABLE_STRICT_OBJC_MSGSEND = YES;
				ENABLE_TESTABILITY = YES;
				GCC_C_LANGUAGE_STANDARD = gnu11;
				GCC_DYNAMIC_NO_PIC = NO;
				GCC_NO_COMMON_BLOCKS = YES;
				GCC_OPTIMIZATION_LEVEL = 0;
				GCC_PREPROCESSOR_DEFINITIONS = (
					"DEBUG=1",
					"$(inherited)",
				);
				GCC_WARN_64_TO_32_BIT_CONVERSION = YES;
				GCC_WARN_ABOUT_RETURN_TYPE = YES_ERROR;
				GCC_WARN_UNDECLARED_SELECTOR = YES;
				GCC_WARN_UNINITIALIZED_AUTOS = YES_AGGRESSIVE;
				GCC_WARN_UNUSED_FUNCTION = YES;
				GCC_WARN_UNUSED_VARIABLE = YES;
				IPHONEOS_DEPLOYMENT_TARGET = 13.0;
				MTL_ENABLE_DEBUG_INFO = INCLUDE_SOURCE;
				MTL_FAST_MATH = YES;
				ONLY_ACTIVE_ARCH = YES;
				SDKROOT = iphoneos;
				SWIFT_ACTIVE_COMPILATION_CONDITIONS = DEBUG;
				SWIFT_OPTIMIZATION_LEVEL = "-Onone";
			};
			name = Debug;
		};
		D7E2A7E22279DE7B00B8EA8A /* Release */ = {
			isa = XCBuildConfiguration;
			buildSettings = {
				ALWAYS_SEARCH_USER_PATHS = NO;
				CLANG_ANALYZER_NONNULL = YES;
				CLANG_ANALYZER_NUMBER_OBJECT_CONVERSION = YES_AGGRESSIVE;
				CLANG_CXX_LANGUAGE_STANDARD = "gnu++14";
				CLANG_CXX_LIBRARY = "libc++";
				CLANG_ENABLE_MODULES = YES;
				CLANG_ENABLE_OBJC_ARC = YES;
				CLANG_ENABLE_OBJC_WEAK = YES;
				CLANG_WARN_BLOCK_CAPTURE_AUTORELEASING = YES;
				CLANG_WARN_BOOL_CONVERSION = YES;
				CLANG_WARN_COMMA = YES;
				CLANG_WARN_CONSTANT_CONVERSION = YES;
				CLANG_WARN_DEPRECATED_OBJC_IMPLEMENTATIONS = YES;
				CLANG_WARN_DIRECT_OBJC_ISA_USAGE = YES_ERROR;
				CLANG_WARN_DOCUMENTATION_COMMENTS = YES;
				CLANG_WARN_EMPTY_BODY = YES;
				CLANG_WARN_ENUM_CONVERSION = YES;
				CLANG_WARN_INFINITE_RECURSION = YES;
				CLANG_WARN_INT_CONVERSION = YES;
				CLANG_WARN_NON_LITERAL_NULL_CONVERSION = YES;
				CLANG_WARN_OBJC_IMPLICIT_RETAIN_SELF = YES;
				CLANG_WARN_OBJC_LITERAL_CONVERSION = YES;
				CLANG_WARN_OBJC_ROOT_CLASS = YES_ERROR;
				CLANG_WARN_RANGE_LOOP_ANALYSIS = YES;
				CLANG_WARN_STRICT_PROTOTYPES = YES;
				CLANG_WARN_SUSPICIOUS_MOVE = YES;
				CLANG_WARN_UNGUARDED_AVAILABILITY = YES_AGGRESSIVE;
				CLANG_WARN_UNREACHABLE_CODE = YES;
				CLANG_WARN__DUPLICATE_METHOD_MATCH = YES;
				CODE_SIGN_IDENTITY = "iPhone Developer";
				COPY_PHASE_STRIP = NO;
				DEBUG_INFORMATION_FORMAT = "dwarf-with-dsym";
				ENABLE_NS_ASSERTIONS = NO;
				ENABLE_STRICT_OBJC_MSGSEND = YES;
				GCC_C_LANGUAGE_STANDARD = gnu11;
				GCC_NO_COMMON_BLOCKS = YES;
				GCC_WARN_64_TO_32_BIT_CONVERSION = YES;
				GCC_WARN_ABOUT_RETURN_TYPE = YES_ERROR;
				GCC_WARN_UNDECLARED_SELECTOR = YES;
				GCC_WARN_UNINITIALIZED_AUTOS = YES_AGGRESSIVE;
				GCC_WARN_UNUSED_FUNCTION = YES;
				GCC_WARN_UNUSED_VARIABLE = YES;
				IPHONEOS_DEPLOYMENT_TARGET = 13.0;
				MTL_ENABLE_DEBUG_INFO = NO;
				MTL_FAST_MATH = YES;
				SDKROOT = iphoneos;
				SWIFT_COMPILATION_MODE = wholemodule;
				SWIFT_OPTIMIZATION_LEVEL = "-O";
				VALIDATE_PRODUCT = YES;
			};
			name = Release;
		};
		D7E2A7E42279DE7B00B8EA8A /* Debug */ = {
			isa = XCBuildConfiguration;
			baseConfigurationReference = BF398BEF0C641E1F5C89F03C /* Pods-Ryde.debug.xcconfig */;
			buildSettings = {
				ASSETCATALOG_COMPILER_APPICON_NAME = AppIcon;
				CODE_SIGN_STYLE = Automatic;
				DEVELOPMENT_TEAM = "";
				INFOPLIST_FILE = Ryde/Info.plist;
				IPHONEOS_DEPLOYMENT_TARGET = 12.0;
				LD_RUNPATH_SEARCH_PATHS = (
					"$(inherited)",
					"@executable_path/Frameworks",
				);
				PRODUCT_BUNDLE_IDENTIFIER = com.eshvasoft.Ryde;
				PRODUCT_NAME = "$(TARGET_NAME)";
				SWIFT_VERSION = 5.0;
				TARGETED_DEVICE_FAMILY = "1,2";
			};
			name = Debug;
		};
		D7E2A7E52279DE7B00B8EA8A /* Release */ = {
			isa = XCBuildConfiguration;
			baseConfigurationReference = 0E0E20C019934B09179F0D4D /* Pods-Ryde.release.xcconfig */;
			buildSettings = {
				ASSETCATALOG_COMPILER_APPICON_NAME = AppIcon;
				CODE_SIGN_STYLE = Automatic;
				DEVELOPMENT_TEAM = "";
				INFOPLIST_FILE = Ryde/Info.plist;
				IPHONEOS_DEPLOYMENT_TARGET = 12.0;
				LD_RUNPATH_SEARCH_PATHS = (
					"$(inherited)",
					"@executable_path/Frameworks",
				);
				PRODUCT_BUNDLE_IDENTIFIER = com.eshvasoft.Ryde;
				PRODUCT_NAME = "$(TARGET_NAME)";
				SWIFT_VERSION = 5.0;
				TARGETED_DEVICE_FAMILY = "1,2";
			};
			name = Release;
		};
/* End XCBuildConfiguration section */

/* Begin XCConfigurationList section */
		D7E2A7CC2279DE7900B8EA8A /* Build configuration list for PBXProject "Ryde" */ = {
			isa = XCConfigurationList;
			buildConfigurations = (
				D7E2A7E12279DE7B00B8EA8A /* Debug */,
				D7E2A7E22279DE7B00B8EA8A /* Release */,
			);
			defaultConfigurationIsVisible = 0;
			defaultConfigurationName = Release;
		};
		D7E2A7E32279DE7B00B8EA8A /* Build configuration list for PBXNativeTarget "Ryde" */ = {
			isa = XCConfigurationList;
			buildConfigurations = (
				D7E2A7E42279DE7B00B8EA8A /* Debug */,
				D7E2A7E52279DE7B00B8EA8A /* Release */,
			);
			defaultConfigurationIsVisible = 0;
			defaultConfigurationName = Release;
		};
/* End XCConfigurationList section */
	};
	rootObject = D7E2A7C92279DE7900B8EA8A /* Project object */;
}
